
Microsoft Visual Studio Solution File, Format Version 12.00
Project("{FAE04EC0-301F-11D3-BF4B-00C04F79EFBC}") = "RangeFinder", "RangeFinder\RangeFinder.csproj", "{668A7527-05F5-441C-BFA5-A4F57A3B213D}"
EndProject
Project("{FAE04EC0-301F-11D3-BF4B-00C04F79EFBC}") = "RangeFinderTests", "RangeFinderTests\RangeFinderTests.csproj", "{7C3B0C31-0ECA-4CDF-92CE-F93F94AF21AB}"
EndProject
Global
	GlobalSection(SolutionConfigurationPlatforms) = preSolution
		Debug|Any CPU = Debug|Any CPU
		Release|Any CPU = Release|Any CPU
	EndGlobalSection
	GlobalSection(ProjectConfigurationPlatforms) = postSolution
		{668A7527-05F5-441C-BFA5-A4F57A3B213D}.Debug|Any CPU.ActiveCfg = Debug|Any CPU
		{668A7527-05F5-441C-BFA5-A4F57A3B213D}.Debug|Any CPU.Build.0 = Debug|Any CPU
		{668A7527-05F5-441C-BFA5-A4F57A3B213D}.Release|Any CPU.ActiveCfg = Release|Any CPU
		{668A7527-05F5-441C-BFA5-A4F57A3B213D}.Release|Any CPU.Build.0 = Release|Any CPU
		{7C3B0C31-0ECA-4CDF-92CE-F93F94AF21AB}.Debug|Any CPU.ActiveCfg = Debug|Any CPU
		{7C3B0C31-0ECA-4CDF-92CE-F93F94AF21AB}.Debug|Any CPU.Build.0 = Debug|Any CPU
		{7C3B0C31-0ECA-4CDF-92CE-F93F94AF21AB}.Release|Any CPU.ActiveCfg = Release|Any CPU
		{7C3B0C31-0ECA-4CDF-92CE-F93F94AF21AB}.Release|Any CPU.Build.0 = Release|Any CPU
	EndGlobalSection
EndGlobal
